PODS:
  - KIF-next (2.0.0pre4)
  - SHAlertViewBlocks (1.0.0)
  - SHBarButtonItemBlocks (1.0.0)
  - SHObjectUserInfo (1.0.2)
  - SHSegueBlocks (1.1.1):
    - SHObjectUserInfo (~> 1.0.0)
  - SHTestCaseAdditions (1.0.0)

DEPENDENCIES:
  - KIF-next
  - SHAlertViewBlocks (from `../`)
  - SHBarButtonItemBlocks
  - SHSegueBlocks
  - SHTestCaseAdditions (from `https://github.com/seivan/SHTestCaseAdditions`)

EXTERNAL SOURCES:
  SHAlertViewBlocks:
    :path: ../
  SHTestCaseAdditions:
    :git: https://github.com/seivan/SHTestCaseAdditions

SPEC CHECKSUMS:
  KIF-next: 1c59f919ceee5999373c875832101c2fb48b5f59
  SHAlertViewBlocks: f135ff580af7b8e8dee109de44066c51d7032527
  SHBarButtonItemBlocks: 2d0a2b3bfff3a019a730eb789767daf02c1c753a
  SHObjectUserInfo: 579a22ce6f2705f8f121a0fa454f9cc115e96463
  SHSegueBlocks: a4d48e968fab08f3fae8485964b9f40daa42a1b3
  SHTestCaseAdditions: c19f82ab9f4963261ae1540eb1845146f24b2ff2

COCOAPODS: 0.22.3
